// !$*UTF8*$!
{
	archiveVersion = 1;
	classes = {
	};
	objectVersion = 56;
	objects = {

/* Begin PBXBuildFile section */
		EB24ADCC29AD39400029FBA9 /* AppDelegate.swift in Sources */ = {isa = PBXBuildFile; fileRef = EB24ADCB29AD39400029FBA9 /* AppDelegate.swift */; };
		EB24ADCE29AD39400029FBA9 /* SceneDelegate.swift in Sources */ = {isa = PBXBuildFile; fileRef = EB24ADCD29AD39400029FBA9 /* SceneDelegate.swift */; };
		EB24ADD329AD39400029FBA9 /* SearchList.storyboard in Resources */ = {isa = PBXBuildFile; fileRef = EB24ADD129AD39400029FBA9 /* SearchList.storyboard */; };
		EB24ADD529AD39430029FBA9 /* Assets.xcassets in Resources */ = {isa = PBXBuildFile; fileRef = EB24ADD429AD39430029FBA9 /* Assets.xcassets */; };
		EB24ADD829AD39430029FBA9 /* LaunchScreen.storyboard in Resources */ = {isa = PBXBuildFile; fileRef = EB24ADD629AD39430029FBA9 /* LaunchScreen.storyboard */; };
		EB24ADE129AD43210029FBA9 /* iTunesSearchTableViewController.swift in Sources */ = {isa = PBXBuildFile; fileRef = EB24ADE029AD43210029FBA9 /* iTunesSearchTableViewController.swift */; };
		EB24ADE729AD44F60029FBA9 /* AlbumTableViewCell.swift in Sources */ = {isa = PBXBuildFile; fileRef = EB24ADE629AD44F60029FBA9 /* AlbumTableViewCell.swift */; };
		EB24ADE929AD450A0029FBA9 /* TrackTableViewCell.swift in Sources */ = {isa = PBXBuildFile; fileRef = EB24ADE829AD450A0029FBA9 /* TrackTableViewCell.swift */; };
		EB24ADEC29AD45390029FBA9 /* AlbumDetail.storyboard in Resources */ = {isa = PBXBuildFile; fileRef = EB24ADEA29AD45390029FBA9 /* AlbumDetail.storyboard */; };
		EB372D9429AD4A8D002F7E4A /* AlbumDetailTableViewController.swift in Sources */ = {isa = PBXBuildFile; fileRef = EB372D9329AD4A8D002F7E4A /* AlbumDetailTableViewController.swift */; };
		EB372D9629AD4E5D002F7E4A /* NetworkError.swift in Sources */ = {isa = PBXBuildFile; fileRef = EB372D9529AD4E5D002F7E4A /* NetworkError.swift */; };
		EB372D9829AD4FBD002F7E4A /* Album.swift in Sources */ = {isa = PBXBuildFile; fileRef = EB372D9729AD4FBD002F7E4A /* Album.swift */; };
		EB372D9B29AD5028002F7E4A /* NetworkingController.swift in Sources */ = {isa = PBXBuildFile; fileRef = EB372D9A29AD5028002F7E4A /* NetworkingController.swift */; };
		EB372D9F29AD570D002F7E4A /* Track.swift in Sources */ = {isa = PBXBuildFile; fileRef = EB372D9E29AD570D002F7E4A /* Track.swift */; };
/* End PBXBuildFile section */

/* Begin PBXFileReference section */
		EB24ADC829AD39400029FBA9 /* iTunesSearch.app */ = {isa = PBXFileReference; explicitFileType = wrapper.application; includeInIndex = 0; path = iTunesSearch.app; sourceTree = BUILT_PRODUCTS_DIR; };
		EB24ADCB29AD39400029FBA9 /* AppDelegate.swift */ = {isa = PBXFileReference; lastKnownFileType = sourcecode.swift; path = AppDelegate.swift; sourceTree = "<group>"; };
		EB24ADCD29AD39400029FBA9 /* SceneDelegate.swift */ = {isa = PBXFileReference; lastKnownFileType = sourcecode.swift; path = SceneDelegate.swift; sourceTree = "<group>"; };
		EB24ADD229AD39400029FBA9 /* Base */ = {isa = PBXFileReference; lastKnownFileType = file.storyboard; name = Base; path = Base.lproj/SearchList.storyboard; sourceTree = "<group>"; };
		EB24ADD429AD39430029FBA9 /* Assets.xcassets */ = {isa = PBXFileReference; lastKnownFileType = folder.assetcatalog; path = Assets.xcassets; sourceTree = "<group>"; };
		EB24ADD729AD39430029FBA9 /* Base */ = {isa = PBXFileReference; lastKnownFileType = file.storyboard; name = Base; path = Base.lproj/LaunchScreen.storyboard; sourceTree = "<group>"; };
		EB24ADD929AD39430029FBA9 /* Info.plist */ = {isa = PBXFileReference; lastKnownFileType = text.plist.xml; path = Info.plist; sourceTree = "<group>"; };
		EB24ADE029AD43210029FBA9 /* iTunesSearchTableViewController.swift */ = {isa = PBXFileReference; lastKnownFileType = sourcecode.swift; path = iTunesSearchTableViewController.swift; sourceTree = "<group>"; };
		EB24ADE629AD44F60029FBA9 /* AlbumTableViewCell.swift */ = {isa = PBXFileReference; lastKnownFileType = sourcecode.swift; path = AlbumTableViewCell.swift; sourceTree = "<group>"; };
		EB24ADE829AD450A0029FBA9 /* TrackTableViewCell.swift */ = {isa = PBXFileReference; lastKnownFileType = sourcecode.swift; path = TrackTableViewCell.swift; sourceTree = "<group>"; };
		EB24ADEB29AD45390029FBA9 /* Base */ = {isa = PBXFileReference; lastKnownFileType = file.storyboard; name = Base; path = iTunesSearch/Base.lproj/AlbumDetail.storyboard; sourceTree = "<group>"; };
		EB372D9329AD4A8D002F7E4A /* AlbumDetailTableViewController.swift */ = {isa = PBXFileReference; lastKnownFileType = sourcecode.swift; path = AlbumDetailTableViewController.swift; sourceTree = "<group>"; };
		EB372D9529AD4E5D002F7E4A /* NetworkError.swift */ = {isa = PBXFileReference; lastKnownFileType = sourcecode.swift; path = NetworkError.swift; sourceTree = "<group>"; };
		EB372D9729AD4FBD002F7E4A /* Album.swift */ = {isa = PBXFileReference; lastKnownFileType = sourcecode.swift; path = Album.swift; sourceTree = "<group>"; };
		EB372D9A29AD5028002F7E4A /* NetworkingController.swift */ = {isa = PBXFileReference; lastKnownFileType = sourcecode.swift; path = NetworkingController.swift; sourceTree = "<group>"; };
		EB372D9E29AD570D002F7E4A /* Track.swift */ = {isa = PBXFileReference; lastKnownFileType = sourcecode.swift; path = Track.swift; sourceTree = "<group>"; };
/* End PBXFileReference section */

/* Begin PBXFrameworksBuildPhase section */
		EB24ADC529AD39400029FBA9 /* Frameworks */ = {
			isa = PBXFrameworksBuildPhase;
			buildActionMask = 2147483647;
			files = (
			);
			runOnlyForDeploymentPostprocessing = 0;
		};
/* End PBXFrameworksBuildPhase section */

/* Begin PBXGroup section */
		EB24ADBF29AD39400029FBA9 = {
			isa = PBXGroup;
			children = (
				EB24ADCA29AD39400029FBA9 /* iTunesSearch */,
				EB24ADC929AD39400029FBA9 /* Products */,
			);
			sourceTree = "<group>";
		};
		EB24ADC929AD39400029FBA9 /* Products */ = {
			isa = PBXGroup;
			children = (
				EB24ADC829AD39400029FBA9 /* iTunesSearch.app */,
			);
			name = Products;
			sourceTree = "<group>";
		};
		EB24ADCA29AD39400029FBA9 /* iTunesSearch */ = {
			isa = PBXGroup;
			children = (
				EB372D9929AD4FC1002F7E4A /* Models */,
				EB24ADEF29AD46AE0029FBA9 /* Services */,
				EB24ADE429AD43540029FBA9 /* iTunes Search List */,
				EB24ADE529AD43680029FBA9 /* Album Detail View */,
				EB24ADDF29AD3B8F0029FBA9 /* Resources */,
			);
			path = iTunesSearch;
			sourceTree = "<group>";
		};
		EB24ADDF29AD3B8F0029FBA9 /* Resources */ = {
			isa = PBXGroup;
			children = (
				EB24ADCB29AD39400029FBA9 /* AppDelegate.swift */,
				EB24ADCD29AD39400029FBA9 /* SceneDelegate.swift */,
				EB24ADD429AD39430029FBA9 /* Assets.xcassets */,
				EB24ADD629AD39430029FBA9 /* LaunchScreen.storyboard */,
				EB24ADD929AD39430029FBA9 /* Info.plist */,
			);
			path = Resources;
			sourceTree = "<group>";
		};
		EB24ADE429AD43540029FBA9 /* iTunes Search List */ = {
			isa = PBXGroup;
			children = (
				EB24ADD129AD39400029FBA9 /* SearchList.storyboard */,
				EB24ADE029AD43210029FBA9 /* iTunesSearchTableViewController.swift */,
				EB24ADE629AD44F60029FBA9 /* AlbumTableViewCell.swift */,
			);
			path = "iTunes Search List";
			sourceTree = "<group>";
		};
		EB24ADE529AD43680029FBA9 /* Album Detail View */ = {
			isa = PBXGroup;
			children = (
				EB24ADEA29AD45390029FBA9 /* AlbumDetail.storyboard */,
				EB24ADE829AD450A0029FBA9 /* TrackTableViewCell.swift */,
				EB372D9329AD4A8D002F7E4A /* AlbumDetailTableViewController.swift */,
			);
			path = "Album Detail View";
			sourceTree = "<group>";
		};
		EB24ADEF29AD46AE0029FBA9 /* Services */ = {
			isa = PBXGroup;
			children = (
				EB372D9529AD4E5D002F7E4A /* NetworkError.swift */,
				EB372D9A29AD5028002F7E4A /* NetworkingController.swift */,
			);
			path = Services;
			sourceTree = "<group>";
		};
		EB372D9929AD4FC1002F7E4A /* Models */ = {
			isa = PBXGroup;
			children = (
				EB372D9729AD4FBD002F7E4A /* Album.swift */,
				EB372D9E29AD570D002F7E4A /* Track.swift */,
			);
			path = Models;
			sourceTree = "<group>";
		};
/* End PBXGroup section */

/* Begin PBXNativeTarget section */
		EB24ADC729AD39400029FBA9 /* iTunesSearch */ = {
			isa = PBXNativeTarget;
			buildConfigurationList = EB24ADDC29AD39430029FBA9 /* Build configuration list for PBXNativeTarget "iTunesSearch" */;
			buildPhases = (
				EB24ADC429AD39400029FBA9 /* Sources */,
				EB24ADC529AD39400029FBA9 /* Frameworks */,
				EB24ADC629AD39400029FBA9 /* Resources */,
			);
			buildRules = (
			);
			dependencies = (
			);
			name = iTunesSearch;
			productName = iTunesSearch;
			productReference = EB24ADC829AD39400029FBA9 /* iTunesSearch.app */;
			productType = "com.apple.product-type.application";
		};
/* End PBXNativeTarget section */

/* Begin PBXProject section */
		EB24ADC029AD39400029FBA9 /* Project object */ = {
			isa = PBXProject;
			attributes = {
				BuildIndependentTargetsInParallel = 1;
				LastSwiftUpdateCheck = 1420;
				LastUpgradeCheck = 1420;
				TargetAttributes = {
					EB24ADC729AD39400029FBA9 = {
						CreatedOnToolsVersion = 14.2;
					};
				};
			};
			buildConfigurationList = EB24ADC329AD39400029FBA9 /* Build configuration list for PBXProject "iTunesSearch" */;
			compatibilityVersion = "Xcode 14.0";
			developmentRegion = en;
			hasScannedForEncodings = 0;
			knownRegions = (
				en,
				Base,
			);
			mainGroup = EB24ADBF29AD39400029FBA9;
			productRefGroup = EB24ADC929AD39400029FBA9 /* Products */;
			projectDirPath = "";
			projectRoot = "";
			targets = (
				EB24ADC729AD39400029FBA9 /* iTunesSearch */,
			);
		};
/* End PBXProject section */

/* Begin PBXResourcesBuildPhase section */
		EB24ADC629AD39400029FBA9 /* Resources */ = {
			isa = PBXResourcesBuildPhase;
			buildActionMask = 2147483647;
			files = (
				EB24ADD829AD39430029FBA9 /* LaunchScreen.storyboard in Resources */,
				EB24ADEC29AD45390029FBA9 /* AlbumDetail.storyboard in Resources */,
				EB24ADD529AD39430029FBA9 /* Assets.xcassets in Resources */,
				EB24ADD329AD39400029FBA9 /* SearchList.storyboard in Resources */,
			);
			runOnlyForDeploymentPostprocessing = 0;
		};
/* End PBXResourcesBuildPhase section */

/* Begin PBXSourcesBuildPhase section */
		EB24ADC429AD39400029FBA9 /* Sources */ = {
			isa = PBXSourcesBuildPhase;
			buildActionMask = 2147483647;
			files = (
				EB24ADE729AD44F60029FBA9 /* AlbumTableViewCell.swift in Sources */,
				EB372D9629AD4E5D002F7E4A /* NetworkError.swift in Sources */,
				EB24ADE929AD450A0029FBA9 /* TrackTableViewCell.swift in Sources */,
				EB24ADCC29AD39400029FBA9 /* AppDelegate.swift in Sources */,
				EB24ADCE29AD39400029FBA9 /* SceneDelegate.swift in Sources */,
				EB372D9829AD4FBD002F7E4A /* Album.swift in Sources */,
				EB24ADE129AD43210029FBA9 /* iTunesSearchTableViewController.swift in Sources */,
				EB372D9429AD4A8D002F7E4A /* AlbumDetailTableViewController.swift in Sources */,
				EB372D9B29AD5028002F7E4A /* NetworkingController.swift in Sources */,
				EB372D9F29AD570D002F7E4A /* Track.swift in Sources */,
			);
			runOnlyForDeploymentPostprocessing = 0;
		};
/* End PBXSourcesBuildPhase section */

/* Begin PBXVariantGroup section */
		EB24ADD129AD39400029FBA9 /* SearchList.storyboard */ = {
			isa = PBXVariantGroup;
			children = (
				EB24ADD229AD39400029FBA9 /* Base */,
			);
			name = SearchList.storyboard;
			sourceTree = "<group>";
		};
		EB24ADD629AD39430029FBA9 /* LaunchScreen.storyboard */ = {
			isa = PBXVariantGroup;
			children = (
				EB24ADD729AD39430029FBA9 /* Base */,
			);
			name = LaunchScreen.storyboard;
			sourceTree = "<group>";
		};
		EB24ADEA29AD45390029FBA9 /* AlbumDetail.storyboard */ = {
			isa = PBXVariantGroup;
			children = (
				EB24ADEB29AD45390029FBA9 /* Base */,
			);
			name = AlbumDetail.storyboard;
			sourceTree = "<group>";
		};
/* End PBXVariantGroup section */

/* Begin XCBuildConfiguration section */
		EB24ADDA29AD39430029FBA9 /* Debug */ = {
			isa = XCBuildConfiguration;
			buildSettings = {
				ALWAYS_SEARCH_USER_PATHS = NO;
				CLANG_ANALYZER_NONNULL = YES;
				CLANG_ANALYZER_NUMBER_OBJECT_CONVERSION = YES_AGGRESSIVE;
				CLANG_CXX_LANGUAGE_STANDARD = "gnu++20";
				CLANG_ENABLE_MODULES = YES;
				CLANG_ENABLE_OBJC_ARC = YES;
				CLANG_ENABLE_OBJC_WEAK = YES;
				CLANG_WARN_BLOCK_CAPTURE_AUTORELEASING = YES;
				CLANG_WARN_BOOL_CONVERSION = YES;
				CLANG_WARN_COMMA = YES;
				CLANG_WARN_CONSTANT_CONVERSION = YES;
				CLANG_WARN_DEPRECATED_OBJC_IMPLEMENTATIONS = YES;
				CLANG_WARN_DIRECT_OBJC_ISA_USAGE = YES_ERROR;
				CLANG_WARN_DOCUMENTATION_COMMENTS = YES;
				CLANG_WARN_EMPTY_BODY = YES;
				CLANG_WARN_ENUM_CONVERSION = YES;
				CLANG_WARN_INFINITE_RECURSION = YES;
				CLANG_WARN_INT_CONVERSION = YES;
				CLANG_WARN_NON_LITERAL_NULL_CONVERSION = YES;
				CLANG_WARN_OBJC_IMPLICIT_RETAIN_SELF = YES;
				CLANG_WARN_OBJC_LITERAL_CONVERSION = YES;
				CLANG_WARN_OBJC_ROOT_CLASS = YES_ERROR;
				CLANG_WARN_QUOTED_INCLUDE_IN_FRAMEWORK_HEADER = YES;
				CLANG_WARN_RANGE_LOOP_ANALYSIS = YES;
				CLANG_WARN_STRICT_PROTOTYPES = YES;
				CLANG_WARN_SUSPICIOUS_MOVE = YES;
				CLANG_WARN_UNGUARDED_AVAILABILITY = YES_AGGRESSIVE;
				CLANG_WARN_UNREACHABLE_CODE = YES;
				CLANG_WARN__DUPLICATE_METHOD_MATCH = YES;
				COPY_PHASE_STRIP = NO;
				DEBUG_INFORMATION_FORMAT = dwarf;
				ENABLE_STRICT_OBJC_MSGSEND = YES;
				ENABLE_TESTABILITY = YES;
				GCC_C_LANGUAGE_STANDARD = gnu11;
				GCC_DYNAMIC_NO_PIC = NO;
				GCC_NO_COMMON_BLOCKS = YES;
				GCC_OPTIMIZATION_LEVEL = 0;
				GCC_PREPROCESSOR_DEFINITIONS = (
					"DEBUG=1",
					"$(inherited)",
				);
				GCC_WARN_64_TO_32_BIT_CONVERSION = YES;
				GCC_WARN_ABOUT_RETURN_TYPE = YES_ERROR;
				GCC_WARN_UNDECLARED_SELECTOR = YES;
				GCC_WARN_UNINITIALIZED_AUTOS = YES_AGGRESSIVE;
				GCC_WARN_UNUSED_FUNCTION = YES;
				GCC_WARN_UNUSED_VARIABLE = YES;
				IPHONEOS_DEPLOYMENT_TARGET = 16.2;
				MTL_ENABLE_DEBUG_INFO = INCLUDE_SOURCE;
				MTL_FAST_MATH = YES;
				ONLY_ACTIVE_ARCH = YES;
				SDKROOT = iphoneos;
				SWIFT_ACTIVE_COMPILATION_CONDITIONS = DEBUG;
				SWIFT_OPTIMIZATION_LEVEL = "-Onone";
			};
			name = Debug;
		};
		EB24ADDB29AD39430029FBA9 /* Release */ = {
			isa = XCBuildConfiguration;
			buildSettings = {
				ALWAYS_SEARCH_USER_PATHS = NO;
				CLANG_ANALYZER_NONNULL = YES;
				CLANG_ANALYZER_NUMBER_OBJECT_CONVERSION = YES_AGGRESSIVE;
				CLANG_CXX_LANGUAGE_STANDARD = "gnu++20";
				CLANG_ENABLE_MODULES = YES;
				CLANG_ENABLE_OBJC_ARC = YES;
				CLANG_ENABLE_OBJC_WEAK = YES;
				CLANG_WARN_BLOCK_CAPTURE_AUTORELEASING = YES;
				CLANG_WARN_BOOL_CONVERSION = YES;
				CLANG_WARN_COMMA = YES;
				CLANG_WARN_CONSTANT_CONVERSION = YES;
				CLANG_WARN_DEPRECATED_OBJC_IMPLEMENTATIONS = YES;
				CLANG_WARN_DIRECT_OBJC_ISA_USAGE = YES_ERROR;
				CLANG_WARN_DOCUMENTATION_COMMENTS = YES;
				CLANG_WARN_EMPTY_BODY = YES;
				CLANG_WARN_ENUM_CONVERSION = YES;
				CLANG_WARN_INFINITE_RECURSION = YES;
				CLANG_WARN_INT_CONVERSION = YES;
				CLANG_WARN_NON_LITERAL_NULL_CONVERSION = YES;
				CLANG_WARN_OBJC_IMPLICIT_RETAIN_SELF = YES;
				CLANG_WARN_OBJC_LITERAL_CONVERSION = YES;
				CLANG_WARN_OBJC_ROOT_CLASS = YES_ERROR;
				CLANG_WARN_QUOTED_INCLUDE_IN_FRAMEWORK_HEADER = YES;
				CLANG_WARN_RANGE_LOOP_ANALYSIS = YES;
				CLANG_WARN_STRICT_PROTOTYPES = YES;
				CLANG_WARN_SUSPICIOUS_MOVE = YES;
				CLANG_WARN_UNGUARDED_AVAILABILITY = YES_AGGRESSIVE;
				CLANG_WARN_UNREACHABLE_CODE = YES;
				CLANG_WARN__DUPLICATE_METHOD_MATCH = YES;
				COPY_PHASE_STRIP = NO;
				DEBUG_INFORMATION_FORMAT = "dwarf-with-dsym";
				ENABLE_NS_ASSERTIONS = NO;
				ENABLE_STRICT_OBJC_MSGSEND = YES;
				GCC_C_LANGUAGE_STANDARD = gnu11;
				GCC_NO_COMMON_BLOCKS = YES;
				GCC_WARN_64_TO_32_BIT_CONVERSION = YES;
				GCC_WARN_ABOUT_RETURN_TYPE = YES_ERROR;
				GCC_WARN_UNDECLARED_SELECTOR = YES;
				GCC_WARN_UNINITIALIZED_AUTOS = YES_AGGRESSIVE;
				GCC_WARN_UNUSED_FUNCTION = YES;
				GCC_WARN_UNUSED_VARIABLE = YES;
				IPHONEOS_DEPLOYMENT_TARGET = 16.2;
				MTL_ENABLE_DEBUG_INFO = NO;
				MTL_FAST_MATH = YES;
				SDKROOT = iphoneos;
				SWIFT_COMPILATION_MODE = wholemodule;
				SWIFT_OPTIMIZATION_LEVEL = "-O";
				VALIDATE_PRODUCT = YES;
			};
			name = Release;
		};
		EB24ADDD29AD39430029FBA9 /* Debug */ = {
			isa = XCBuildConfiguration;
			buildSettings = {
				ASSETCATALOG_COMPILER_APPICON_NAME = AppIcon;
				ASSETCATALOG_COMPILER_GLOBAL_ACCENT_COLOR_NAME = AccentColor;
				CODE_SIGN_STYLE = Automatic;
				CURRENT_PROJECT_VERSION = 1;
				GENERATE_INFOPLIST_FILE = YES;
				INFOPLIST_FILE = iTunesSearch/Resources/Info.plist;
				INFOPLIST_KEY_UIApplicationSupportsIndirectInputEvents = YES;
				INFOPLIST_KEY_UILaunchStoryboardName = Main;
				INFOPLIST_KEY_UIMainStoryboardFile = SearchList;
				INFOPLIST_KEY_UISupportedInterfaceOrientations_iPad = "UIInterfaceOrientationPortrait UIInterfaceOrientationPortraitUpsideDown UIInterfaceOrientationLandscapeLeft UIInterfaceOrientationLandscapeRight";
				INFOPLIST_KEY_UISupportedInterfaceOrientations_iPhone = "UIInterfaceOrientationPortrait UIInterfaceOrientationLandscapeLeft UIInterfaceOrientationLandscapeRight";
				LD_RUNPATH_SEARCH_PATHS = (
					"$(inherited)",
					"@executable_path/Frameworks",
				);
				MARKETING_VERSION = 1.0;
				PRODUCT_BUNDLE_IDENTIFIER = com.hallsArchitecture.iTunesSearch;
				PRODUCT_NAME = "$(TARGET_NAME)";
				SWIFT_EMIT_LOC_STRINGS = YES;
				SWIFT_VERSION = 5.0;
				TARGETED_DEVICE_FAMILY = "1,2";
			};
			name = Debug;
		};
		EB24ADDE29AD39430029FBA9 /* Release */ = {
			isa = XCBuildConfiguration;
			buildSettings = {
				ASSETCATALOG_COMPILER_APPICON_NAME = AppIcon;
				ASSETCATALOG_COMPILER_GLOBAL_ACCENT_COLOR_NAME = AccentColor;
				CODE_SIGN_STYLE = Automatic;
				CURRENT_PROJECT_VERSION = 1;
				GENERATE_INFOPLIST_FILE = YES;
				INFOPLIST_FILE = iTunesSearch/Resources/Info.plist;
				INFOPLIST_KEY_UIApplicationSupportsIndirectInputEvents = YES;
				INFOPLIST_KEY_UILaunchStoryboardName = Main;
				INFOPLIST_KEY_UIMainStoryboardFile = SearchList;
				INFOPLIST_KEY_UISupportedInterfaceOrientations_iPad = "UIInterfaceOrientationPortrait UIInterfaceOrientationPortraitUpsideDown UIInterfaceOrientationLandscapeLeft UIInterfaceOrientationLandscapeRight";
				INFOPLIST_KEY_UISupportedInterfaceOrientations_iPhone = "UIInterfaceOrientationPortrait UIInterfaceOrientationLandscapeLeft UIInterfaceOrientationLandscapeRight";
				LD_RUNPATH_SEARCH_PATHS = (
					"$(inherited)",
					"@executable_path/Frameworks",
				);
				MARKETING_VERSION = 1.0;
				PRODUCT_BUNDLE_IDENTIFIER = com.hallsArchitecture.iTunesSearch;
				PRODUCT_NAME = "$(TARGET_NAME)";
				SWIFT_EMIT_LOC_STRINGS = YES;
				SWIFT_VERSION = 5.0;
				TARGETED_DEVICE_FAMILY = "1,2";
			};
			name = Release;
		};
/* End XCBuildConfiguration section */

/* Begin XCConfigurationList section */
		EB24ADC329AD39400029FBA9 /* Build configuration list for PBXProject "iTunesSearch" */ = {
			isa = XCConfigurationList;
			buildConfigurations = (
				EB24ADDA29AD39430029FBA9 /* Debug */,
				EB24ADDB29AD39430029FBA9 /* Release */,
			);
			defaultConfigurationIsVisible = 0;
			defaultConfigurationName = Release;
		};
		EB24ADDC29AD39430029FBA9 /* Build configuration list for PBXNativeTarget "iTunesSearch" */ = {
			isa = XCConfigurationList;
			buildConfigurations = (
				EB24ADDD29AD39430029FBA9 /* Debug */,
				EB24ADDE29AD39430029FBA9 /* Release */,
			);
			defaultConfigurationIsVisible = 0;
			defaultConfigurationName = Release;
		};
/* End XCConfigurationList section */
	};
	rootObject = EB24ADC029AD39400029FBA9 /* Project object */;
}
